
Microsoft Visual Studio Solution File, Format Version 12.00
# Visual Studio Version 17
VisualStudioVersion = 17.14.36202.13 d17.14
MinimumVisualStudioVersion = 10.0.40219.1
Project("{FAE04EC0-301F-11D3-BF4B-00C04F79EFBC}") = "BusinessObject", "BusinessObject\BusinessObject.csproj", "{67CC51FC-9380-46E7-B5A4-E85EF9E5081F}"
EndProject
Project("{FAE04EC0-301F-11D3-BF4B-00C04F79EFBC}") = "DataAccessLayer", "DataAccessLayer\DataAccessLayer.csproj", "{15A37D78-A669-43A9-874D-ED830576E3DE}"
EndProject
Project("{FAE04EC0-301F-11D3-BF4B-00C04F79EFBC}") = "Repositories", "Repositories\Repositories.csproj", "{3BBCFE02-3A59-453A-BF11-F88AC04A9BA3}"
EndProject
Project("{FAE04EC0-301F-11D3-BF4B-00C04F79EFBC}") = "Services", "Services\Services.csproj", "{972CC840-F98B-49D4-AABD-29300FD964E4}"
EndProject
Project("{FAE04EC0-301F-11D3-BF4B-00C04F79EFBC}") = "WPFApp", "WPFApp\WPFApp.csproj", "{5B40F94C-8825-46DF-B509-5EC9669A244F}"
EndProject
Global
	GlobalSection(SolutionConfigurationPlatforms) = preSolution
		Debug|Any CPU = Debug|Any CPU
		Release|Any CPU = Release|Any CPU
	EndGlobalSection
	GlobalSection(ProjectConfigurationPlatforms) = postSolution
		{67CC51FC-9380-46E7-B5A4-E85EF9E5081F}.Debug|Any CPU.ActiveCfg = Debug|Any CPU
		{67CC51FC-9380-46E7-B5A4-E85EF9E5081F}.Debug|Any CPU.Build.0 = Debug|Any CPU
		{67CC51FC-9380-46E7-B5A4-E85EF9E5081F}.Release|Any CPU.ActiveCfg = Release|Any CPU
		{67CC51FC-9380-46E7-B5A4-E85EF9E5081F}.Release|Any CPU.Build.0 = Release|Any CPU
		{15A37D78-A669-43A9-874D-ED830576E3DE}.Debug|Any CPU.ActiveCfg = Debug|Any CPU
		{15A37D78-A669-43A9-874D-ED830576E3DE}.Debug|Any CPU.Build.0 = Debug|Any CPU
		{15A37D78-A669-43A9-874D-ED830576E3DE}.Release|Any CPU.ActiveCfg = Release|Any CPU
		{15A37D78-A669-43A9-874D-ED830576E3DE}.Release|Any CPU.Build.0 = Release|Any CPU
		{3BBCFE02-3A59-453A-BF11-F88AC04A9BA3}.Debug|Any CPU.ActiveCfg = Debug|Any CPU
		{3BBCFE02-3A59-453A-BF11-F88AC04A9BA3}.Debug|Any CPU.Build.0 = Debug|Any CPU
		{3BBCFE02-3A59-453A-BF11-F88AC04A9BA3}.Release|Any CPU.ActiveCfg = Release|Any CPU
		{3BBCFE02-3A59-453A-BF11-F88AC04A9BA3}.Release|Any CPU.Build.0 = Release|Any CPU
		{972CC840-F98B-49D4-AABD-29300FD964E4}.Debug|Any CPU.ActiveCfg = Debug|Any CPU
		{972CC840-F98B-49D4-AABD-29300FD964E4}.Debug|Any CPU.Build.0 = Debug|Any CPU
		{972CC840-F98B-49D4-AABD-29300FD964E4}.Release|Any CPU.ActiveCfg = Release|Any CPU
		{972CC840-F98B-49D4-AABD-29300FD964E4}.Release|Any CPU.Build.0 = Release|Any CPU
		{5B40F94C-8825-46DF-B509-5EC9669A244F}.Debug|Any CPU.ActiveCfg = Debug|Any CPU
		{5B40F94C-8825-46DF-B509-5EC9669A244F}.Debug|Any CPU.Build.0 = Debug|Any CPU
		{5B40F94C-8825-46DF-B509-5EC9669A244F}.Release|Any CPU.ActiveCfg = Release|Any CPU
		{5B40F94C-8825-46DF-B509-5EC9669A244F}.Release|Any CPU.Build.0 = Release|Any CPU
	EndGlobalSection
	GlobalSection(SolutionProperties) = preSolution
		HideSolutionNode = FALSE
	EndGlobalSection
	GlobalSection(ExtensibilityGlobals) = postSolution
		SolutionGuid = {14B84D65-3E44-484E-88BA-73EA07C927C5}
	EndGlobalSection
EndGlobal
